
Microsoft Visual Studio Solution File, Format Version 12.00
# Visual Studio Version 17
VisualStudioVersion = 17.0.31903.59
MinimumVisualStudioVersion = 10.0.40219.1
Project("{FAE04EC0-301F-11D3-BF4B-00C04F79EFBC}") = "API", "API\API.csproj", "{9EE52F95-BE1F-4788-B150-18D6E23A3D55}"
EndProject
Project("{FAE04EC0-301F-11D3-BF4B-00C04F79EFBC}") = "Core", "Core\Core.csproj", "{F08C0800-FD6D-4881-86FE-56896F6EDCEE}"
EndProject
Project("{FAE04EC0-301F-11D3-BF4B-00C04F79EFBC}") = "Infrastructure", "Infrastructure\Infrastructure.csproj", "{96494B63-3CEA-4F70-9489-86853A6EA0C6}"
EndProject
Global
	GlobalSection(SolutionConfigurationPlatforms) = preSolution
		Debug|Any CPU = Debug|Any CPU
		Release|Any CPU = Release|Any CPU
	EndGlobalSection
	GlobalSection(SolutionProperties) = preSolution
		HideSolutionNode = FALSE
	EndGlobalSection
	GlobalSection(ProjectConfigurationPlatforms) = postSolution
		{9EE52F95-BE1F-4788-B150-18D6E23A3D55}.Debug|Any CPU.ActiveCfg = Debug|Any CPU
		{9EE52F95-BE1F-4788-B150-18D6E23A3D55}.Debug|Any CPU.Build.0 = Debug|Any CPU
		{9EE52F95-BE1F-4788-B150-18D6E23A3D55}.Release|Any CPU.ActiveCfg = Release|Any CPU
		{9EE52F95-BE1F-4788-B150-18D6E23A3D55}.Release|Any CPU.Build.0 = Release|Any CPU
		{F08C0800-FD6D-4881-86FE-56896F6EDCEE}.Debug|Any CPU.ActiveCfg = Debug|Any CPU
		{F08C0800-FD6D-4881-86FE-56896F6EDCEE}.Debug|Any CPU.Build.0 = Debug|Any CPU
		{F08C0800-FD6D-4881-86FE-56896F6EDCEE}.Release|Any CPU.ActiveCfg = Release|Any CPU
		{F08C0800-FD6D-4881-86FE-56896F6EDCEE}.Release|Any CPU.Build.0 = Release|Any CPU
		{96494B63-3CEA-4F70-9489-86853A6EA0C6}.Debug|Any CPU.ActiveCfg = Debug|Any CPU
		{96494B63-3CEA-4F70-9489-86853A6EA0C6}.Debug|Any CPU.Build.0 = Debug|Any CPU
		{96494B63-3CEA-4F70-9489-86853A6EA0C6}.Release|Any CPU.ActiveCfg = Release|Any CPU
		{96494B63-3CEA-4F70-9489-86853A6EA0C6}.Release|Any CPU.Build.0 = Release|Any CPU
	EndGlobalSection
EndGlobal
